
Microsoft Visual Studio Solution File, Format Version 12.00
# Visual Studio Version 16
VisualStudioVersion = 16.0.29613.14
MinimumVisualStudioVersion = 10.0.40219.1
Project("{FAE04EC0-301F-11D3-BF4B-00C04F79EFBC}") = "pgom.lightpost", "pgom.lightpost\pgom.lightpost.csproj", "{2E468620-FD0D-476C-827C-7B102C48405B}"
EndProject
Project("{9A19103F-16F7-4668-BE54-9A1E7A4F7556}") = "CreamRoll", "CreamRoll\CreamRoll\CreamRoll.csproj", "{48210D5F-B28F-4B8F-936F-3CF51071DF91}"
EndProject
Global
	GlobalSection(SolutionConfigurationPlatforms) = preSolution
		Debug|Any CPU = Debug|Any CPU
		Release|Any CPU = Release|Any CPU
	EndGlobalSection
	GlobalSection(ProjectConfigurationPlatforms) = postSolution
		{2E468620-FD0D-476C-827C-7B102C48405B}.Debug|Any CPU.ActiveCfg = Debug|Any CPU
		{2E468620-FD0D-476C-827C-7B102C48405B}.Debug|Any CPU.Build.0 = Debug|Any CPU
		{2E468620-FD0D-476C-827C-7B102C48405B}.Release|Any CPU.ActiveCfg = Release|Any CPU
		{2E468620-FD0D-476C-827C-7B102C48405B}.Release|Any CPU.Build.0 = Release|Any CPU
		{48210D5F-B28F-4B8F-936F-3CF51071DF91}.Debug|Any CPU.ActiveCfg = Debug|Any CPU
		{48210D5F-B28F-4B8F-936F-3CF51071DF91}.Debug|Any CPU.Build.0 = Debug|Any CPU
		{48210D5F-B28F-4B8F-936F-3CF51071DF91}.Release|Any CPU.ActiveCfg = Release|Any CPU
		{48210D5F-B28F-4B8F-936F-3CF51071DF91}.Release|Any CPU.Build.0 = Release|Any CPU
	EndGlobalSection
	GlobalSection(SolutionProperties) = preSolution
		HideSolutionNode = FALSE
	EndGlobalSection
	GlobalSection(ExtensibilityGlobals) = postSolution
		SolutionGuid = {B57BEDAC-43D8-4900-8DE6-8DE19FD87E46}
	EndGlobalSection
EndGlobal
